
Microsoft Visual Studio Solution File, Format Version 12.00
# Visual Studio 15
VisualStudioVersion = 15.0.28307.168
MinimumVisualStudioVersion = 10.0.40219.1
Project("{159641D6-6404-4A2A-AE62-294DE0FE8301}") = "DBTOCRM", "DBTOCRM\DBTOCRM.dtproj", "{83968A5A-FD98-4166-87A1-EEE073DBB6D2}"
EndProject
Global
	GlobalSection(SolutionConfigurationPlatforms) = preSolution
		Development|Default = Development|Default
	EndGlobalSection
	GlobalSection(ProjectConfigurationPlatforms) = postSolution
		{83968A5A-FD98-4166-87A1-EEE073DBB6D2}.Development|Default.ActiveCfg = Development
		{83968A5A-FD98-4166-87A1-EEE073DBB6D2}.Development|Default.Build.0 = Development
	EndGlobalSection
	GlobalSection(SolutionProperties) = preSolution
		HideSolutionNode = FALSE
	EndGlobalSection
	GlobalSection(ExtensibilityGlobals) = postSolution
		SolutionGuid = {8CEE7EB0-9575-407C-A61A-2B30317B1DE8}
	EndGlobalSection
EndGlobal
